{
  "version": "5",
  "specifiers": {
    "jsr:@std/front-matter@1": "1.0.9",
    "jsr:@std/yaml@^1.0.5": "1.0.11"
  },
  "jsr": {
    "@std/front-matter@1.0.9": {
      "integrity": "ee6201d06674cbef137dda2252f62477450b48249e7d8d9ab57a30f85ff6f051",
      "dependencies": [
        "jsr:@std/yaml"
      ]
    },
    "@std/yaml@1.0.11": {
      "integrity": "bd139ce77f2d06cbed3713c8b26d301d2a2e12ecc7986130a268107e212143ee"
    }
  },
  "workspace": {
    "dependencies": [
      "jsr:@std/assert@1"
    ]
  }
}
